
Microsoft Visual Studio Solution File, Format Version 12.00
# Visual Studio Version 17
VisualStudioVersion = 17.5.002.0
MinimumVisualStudioVersion = 10.0.40219.1
Project("{9A19103F-16F7-4668-BE54-9A1E7A4F7556}") = "deploy-manage-container-app-using-azure-container-app", "deploy-manage-container-app-using-azure-container-app.csproj", "{610F4DDC-DD01-4501-9104-A0E17967BCE4}"
EndProject
Global
	GlobalSection(SolutionConfigurationPlatforms) = preSolution
		Debug|Any CPU = Debug|Any CPU
		Release|Any CPU = Release|Any CPU
	EndGlobalSection
	GlobalSection(ProjectConfigurationPlatforms) = postSolution
		{610F4DDC-DD01-4501-9104-A0E17967BCE4}.Debug|Any CPU.ActiveCfg = Debug|Any CPU
		{610F4DDC-DD01-4501-9104-A0E17967BCE4}.Debug|Any CPU.Build.0 = Debug|Any CPU
		{610F4DDC-DD01-4501-9104-A0E17967BCE4}.Release|Any CPU.ActiveCfg = Release|Any CPU
		{610F4DDC-DD01-4501-9104-A0E17967BCE4}.Release|Any CPU.Build.0 = Release|Any CPU
	EndGlobalSection
	GlobalSection(SolutionProperties) = preSolution
		HideSolutionNode = FALSE
	EndGlobalSection
	GlobalSection(ExtensibilityGlobals) = postSolution
		SolutionGuid = {911DA053-BDE0-4979-BFD1-7F71C177AB94}
	EndGlobalSection
EndGlobal
